
Microsoft Visual Studio Solution File, Format Version 12.00
# Visual Studio Version 17
VisualStudioVersion = 17.8.34330.188
MinimumVisualStudioVersion = 10.0.40219.1
Project("{FAE04EC0-301F-11D3-BF4B-00C04F79EFBC}") = "ShoppingCart", "ShoppingCart\ShoppingCart.csproj", "{865AB69B-A914-4E27-8C83-85EB5E33A795}"
EndProject
Project("{FAE04EC0-301F-11D3-BF4B-00C04F79EFBC}") = "ShoppingCartTests", "ShoppingCartTests\ShoppingCartTests.csproj", "{3E3CDBA2-3738-4F3F-A9F7-21DE5119D2C8}"
EndProject
Global
	GlobalSection(SolutionConfigurationPlatforms) = preSolution
		Debug|Any CPU = Debug|Any CPU
		Release|Any CPU = Release|Any CPU
	EndGlobalSection
	GlobalSection(ProjectConfigurationPlatforms) = postSolution
		{865AB69B-A914-4E27-8C83-85EB5E33A795}.Debug|Any CPU.ActiveCfg = Debug|Any CPU
		{865AB69B-A914-4E27-8C83-85EB5E33A795}.Debug|Any CPU.Build.0 = Debug|Any CPU
		{865AB69B-A914-4E27-8C83-85EB5E33A795}.Release|Any CPU.ActiveCfg = Release|Any CPU
		{865AB69B-A914-4E27-8C83-85EB5E33A795}.Release|Any CPU.Build.0 = Release|Any CPU
		{3E3CDBA2-3738-4F3F-A9F7-21DE5119D2C8}.Debug|Any CPU.ActiveCfg = Debug|Any CPU
		{3E3CDBA2-3738-4F3F-A9F7-21DE5119D2C8}.Debug|Any CPU.Build.0 = Debug|Any CPU
		{3E3CDBA2-3738-4F3F-A9F7-21DE5119D2C8}.Release|Any CPU.ActiveCfg = Release|Any CPU
		{3E3CDBA2-3738-4F3F-A9F7-21DE5119D2C8}.Release|Any CPU.Build.0 = Release|Any CPU
	EndGlobalSection
	GlobalSection(SolutionProperties) = preSolution
		HideSolutionNode = FALSE
	EndGlobalSection
	GlobalSection(ExtensibilityGlobals) = postSolution
		SolutionGuid = {0FD8B3E9-06EB-4AE3-944C-957C427A64E5}
	EndGlobalSection
EndGlobal
